{
  "name": "cfg-conv",
  "version": "1.0.0",
  "lockfileVersion": 3,
  "requires": true,
  "packages": {
    "": {
      "name": "cfg-conv",
      "version": "1.0.0",
      "license": "MIT",
      "dependencies": {
        "json5": "^2.2.3",
        "smol-toml": "^1.9.0",
        "yaml": "^2.9.1"
      },
      "bin": {
        "cfgconv": "bin/cfg-conv.js"
      },
      "engines": {
        "node": ">=18.3"
      }
    },
    "node_modules/json5": {
      "version": "2.2.3",
      "resolved": "https://registry.npmjs.org/json5/-/json5-2.2.3.tgz",
      "integrity": "sha512-XmOWe7eyHYH14cLdVPoyg+GOH3rYX++KpzrylJwSW98t3Nk+U8XOl8FWKOgwtzdb8lXGf6zYwDUzeHMWfxasyg==",
      "license": "MIT",
      "bin": {
        "json5": "lib/cli.js"
      },
      "engines": {
        "node": ">=6"
      }
    },
    "node_modules/smol-toml": {
      "version": "1.9.0",
      "resolved": "https://registry.npmjs.org/smol-toml/-/smol-toml-1.9.0.tgz",
      "integrity": "sha512-hpd+HLON7HdZXqYchMM/+LaTTbdK0AU3NngIJ4KVyWbY9bfQqdL9cD+4yf6dUoU2Ap4VsU0JkQi6FxAI1B2mXQ==",
      "license": "BSD-3-Clause",
      "engines": {
        "node": ">= 18"
      },
      "funding": {
        "url": "https://github.com/sponsors/cyyynthia"
      }
    },
    "node_modules/yaml": {
      "version": "2.9.1",
      "resolved": "https://registry.npmjs.org/yaml/-/yaml-2.9.1.tgz",
      "integrity": "sha512-3NxN8+78OdzbT7C/WjGsyfPAtJaN3FNDsWxv7Y7mcDsT/oOmgW8BpyQQFFBnvZE3j9Y2Sdz1ULFLezL7Eb2yFw==",
      "license": "ISC",
      "bin": {
        "yaml": "bin.mjs"
      },
      "engines": {
        "node": ">= 14.6"
      },
      "funding": {
        "url": "https://github.com/sponsors/eemeli"
      }
    }
  }
}
